// !$*UTF8*$!
{
	archiveVersion = 1;
	classes = {
	};
	objectVersion = 50;
	objects = {

/* Begin PBXBuildFile section */
		734B42592B36F627DA2413C0 /* Pods_Seek4Track.framework in Frameworks */ = {isa = PBXBuildFile; fileRef = DB943376A0E1C19F8E0DBB21 /* Pods_Seek4Track.framework */; };
		B5BE99C8F4D79EDFF4F05655 /* Pods_Seek4TrackTests.framework in Frameworks */ = {isa = PBXBuildFile; fileRef = 7304454ECDB5E953FCF59ED5 /* Pods_Seek4TrackTests.framework */; };
		F3EA78E521F61E2F009A6453 /* AppDelegate.swift in Sources */ = {isa = PBXBuildFile; fileRef = F3EA78E421F61E2F009A6453 /* AppDelegate.swift */; };
		F3EA78EC21F61E30009A6453 /* Assets.xcassets in Resources */ = {isa = PBXBuildFile; fileRef = F3EA78EB21F61E30009A6453 /* Assets.xcassets */; };
		F3EA78EF21F61E30009A6453 /* LaunchScreen.storyboard in Resources */ = {isa = PBXBuildFile; fileRef = F3EA78ED21F61E30009A6453 /* LaunchScreen.storyboard */; };
		F3EA78FA21F61E30009A6453 /* Seek4TrackTests.swift in Sources */ = {isa = PBXBuildFile; fileRef = F3EA78F921F61E30009A6453 /* Seek4TrackTests.swift */; };
		F3EA790D21F64AB4009A6453 /* Tracks.storyboard in Resources */ = {isa = PBXBuildFile; fileRef = F3EA790C21F64AB4009A6453 /* Tracks.storyboard */; };
		F3EA790F21F65A13009A6453 /* SearchTrackViewController.swift in Sources */ = {isa = PBXBuildFile; fileRef = F3EA790E21F65A13009A6453 /* SearchTrackViewController.swift */; };
		F3EA791221F65ABB009A6453 /* SearchTrackCell.swift in Sources */ = {isa = PBXBuildFile; fileRef = F3EA791121F65ABB009A6453 /* SearchTrackCell.swift */; };
		F3EA791621F65ED4009A6453 /* R.generated.swift in Sources */ = {isa = PBXBuildFile; fileRef = F3EA791521F65ED4009A6453 /* R.generated.swift */; };
		F3EA791921F72C78009A6453 /* SearchTrackItem.swift in Sources */ = {isa = PBXBuildFile; fileRef = F3EA791821F72C78009A6453 /* SearchTrackItem.swift */; };
/* End PBXBuildFile section */

/* Begin PBXContainerItemProxy section */
		F3EA78F621F61E30009A6453 /* PBXContainerItemProxy */ = {
			isa = PBXContainerItemProxy;
			containerPortal = F3EA78D921F61E2E009A6453 /* Project object */;
			proxyType = 1;
			remoteGlobalIDString = F3EA78E021F61E2F009A6453;
			remoteInfo = Seek4Track;
		};
/* End PBXContainerItemProxy section */

/* Begin PBXFileReference section */
		7304454ECDB5E953FCF59ED5 /* Pods_Seek4TrackTests.framework */ = {isa = PBXFileReference; explicitFileType = wrapper.framework; includeInIndex = 0; path = Pods_Seek4TrackTests.framework; sourceTree = BUILT_PRODUCTS_DIR; };
		8285F14BE131CFC9B2740B0B /* Pods-Seek4TrackTests.release.xcconfig */ = {isa = PBXFileReference; includeInIndex = 1; lastKnownFileType = text.xcconfig; name = "Pods-Seek4TrackTests.release.xcconfig"; path = "Target Support Files/Pods-Seek4TrackTests/Pods-Seek4TrackTests.release.xcconfig"; sourceTree = "<group>"; };
		9AEB3A7D3CEE8B411D89F32A /* Pods-Seek4Track.release.xcconfig */ = {isa = PBXFileReference; includeInIndex = 1; lastKnownFileType = text.xcconfig; name = "Pods-Seek4Track.release.xcconfig"; path = "Target Support Files/Pods-Seek4Track/Pods-Seek4Track.release.xcconfig"; sourceTree = "<group>"; };
		D535F1A53740C4B6A5CA31B3 /* Pods-Seek4Track.debug.xcconfig */ = {isa = PBXFileReference; includeInIndex = 1; lastKnownFileType = text.xcconfig; name = "Pods-Seek4Track.debug.xcconfig"; path = "Target Support Files/Pods-Seek4Track/Pods-Seek4Track.debug.xcconfig"; sourceTree = "<group>"; };
		DA3626FECFE23834338B8DB1 /* Pods-Seek4TrackTests.debug.xcconfig */ = {isa = PBXFileReference; includeInIndex = 1; lastKnownFileType = text.xcconfig; name = "Pods-Seek4TrackTests.debug.xcconfig"; path = "Target Support Files/Pods-Seek4TrackTests/Pods-Seek4TrackTests.debug.xcconfig"; sourceTree = "<group>"; };
		DB943376A0E1C19F8E0DBB21 /* Pods_Seek4Track.framework */ = {isa = PBXFileReference; explicitFileType = wrapper.framework; includeInIndex = 0; path = Pods_Seek4Track.framework; sourceTree = BUILT_PRODUCTS_DIR; };
		F3EA78E121F61E2F009A6453 /* Seek4Track.app */ = {isa = PBXFileReference; explicitFileType = wrapper.application; includeInIndex = 0; path = Seek4Track.app; sourceTree = BUILT_PRODUCTS_DIR; };
		F3EA78E421F61E2F009A6453 /* AppDelegate.swift */ = {isa = PBXFileReference; lastKnownFileType = sourcecode.swift; path = AppDelegate.swift; sourceTree = "<group>"; };
		F3EA78EB21F61E30009A6453 /* Assets.xcassets */ = {isa = PBXFileReference; lastKnownFileType = folder.assetcatalog; path = Assets.xcassets; sourceTree = "<group>"; };
		F3EA78EE21F61E30009A6453 /* Base */ = {isa = PBXFileReference; lastKnownFileType = file.storyboard; name = Base; path = Base.lproj/LaunchScreen.storyboard; sourceTree = "<group>"; };
		F3EA78F021F61E30009A6453 /* Info.plist */ = {isa = PBXFileReference; lastKnownFileType = text.plist.xml; path = Info.plist; sourceTree = "<group>"; };
		F3EA78F521F61E30009A6453 /* Seek4TrackTests.xctest */ = {isa = PBXFileReference; explicitFileType = wrapper.cfbundle; includeInIndex = 0; path = Seek4TrackTests.xctest; sourceTree = BUILT_PRODUCTS_DIR; };
		F3EA78F921F61E30009A6453 /* Seek4TrackTests.swift */ = {isa = PBXFileReference; lastKnownFileType = sourcecode.swift; path = Seek4TrackTests.swift; sourceTree = "<group>"; };
		F3EA78FB21F61E30009A6453 /* Info.plist */ = {isa = PBXFileReference; lastKnownFileType = text.plist.xml; path = Info.plist; sourceTree = "<group>"; };
		F3EA790C21F64AB4009A6453 /* Tracks.storyboard */ = {isa = PBXFileReference; lastKnownFileType = file.storyboard; path = Tracks.storyboard; sourceTree = "<group>"; };
		F3EA790E21F65A13009A6453 /* SearchTrackViewController.swift */ = {isa = PBXFileReference; lastKnownFileType = sourcecode.swift; path = SearchTrackViewController.swift; sourceTree = "<group>"; };
		F3EA791121F65ABB009A6453 /* SearchTrackCell.swift */ = {isa = PBXFileReference; lastKnownFileType = sourcecode.swift; path = SearchTrackCell.swift; sourceTree = "<group>"; };
		F3EA791521F65ED4009A6453 /* R.generated.swift */ = {isa = PBXFileReference; fileEncoding = 4; lastKnownFileType = sourcecode.swift; path = R.generated.swift; sourceTree = "<group>"; };
		F3EA791821F72C78009A6453 /* SearchTrackItem.swift */ = {isa = PBXFileReference; lastKnownFileType = sourcecode.swift; path = SearchTrackItem.swift; sourceTree = "<group>"; };
/* End PBXFileReference section */

/* Begin PBXFrameworksBuildPhase section */
		F3EA78DE21F61E2F009A6453 /* Frameworks */ = {
			isa = PBXFrameworksBuildPhase;
			buildActionMask = 2147483647;
			files = (
				734B42592B36F627DA2413C0 /* Pods_Seek4Track.framework in Frameworks */,
			);
			runOnlyForDeploymentPostprocessing = 0;
		};
		F3EA78F221F61E30009A6453 /* Frameworks */ = {
			isa = PBXFrameworksBuildPhase;
			buildActionMask = 2147483647;
			files = (
				B5BE99C8F4D79EDFF4F05655 /* Pods_Seek4TrackTests.framework in Frameworks */,
			);
			runOnlyForDeploymentPostprocessing = 0;
		};
/* End PBXFrameworksBuildPhase section */

/* Begin PBXGroup section */
		13046B7E33612E46E66FA55B /* Frameworks */ = {
			isa = PBXGroup;
			children = (
				DB943376A0E1C19F8E0DBB21 /* Pods_Seek4Track.framework */,
				7304454ECDB5E953FCF59ED5 /* Pods_Seek4TrackTests.framework */,
			);
			name = Frameworks;
			sourceTree = "<group>";
		};
		3EA0116B4545D7D817BE9605 /* Pods */ = {
			isa = PBXGroup;
			children = (
				D535F1A53740C4B6A5CA31B3 /* Pods-Seek4Track.debug.xcconfig */,
				9AEB3A7D3CEE8B411D89F32A /* Pods-Seek4Track.release.xcconfig */,
				DA3626FECFE23834338B8DB1 /* Pods-Seek4TrackTests.debug.xcconfig */,
				8285F14BE131CFC9B2740B0B /* Pods-Seek4TrackTests.release.xcconfig */,
			);
			path = Pods;
			sourceTree = "<group>";
		};
		F3EA78D821F61E2E009A6453 = {
			isa = PBXGroup;
			children = (
				F3EA78E321F61E2F009A6453 /* Seek4Track */,
				F3EA78F821F61E30009A6453 /* Seek4TrackTests */,
				F3EA78E221F61E2F009A6453 /* Products */,
				3EA0116B4545D7D817BE9605 /* Pods */,
				13046B7E33612E46E66FA55B /* Frameworks */,
			);
			sourceTree = "<group>";
		};
		F3EA78E221F61E2F009A6453 /* Products */ = {
			isa = PBXGroup;
			children = (
				F3EA78E121F61E2F009A6453 /* Seek4Track.app */,
				F3EA78F521F61E30009A6453 /* Seek4TrackTests.xctest */,
			);
			name = Products;
			sourceTree = "<group>";
		};
		F3EA78E321F61E2F009A6453 /* Seek4Track */ = {
			isa = PBXGroup;
			children = (
				F3EA790721F63E56009A6453 /* Config */,
				F3EA790421F63CE1009A6453 /* Common */,
				F3EA790621F63D50009A6453 /* Misc */,
				F3EA790821F64034009A6453 /* Resource */,
				F3EA790521F63D1B009A6453 /* Story */,
			);
			path = Seek4Track;
			sourceTree = "<group>";
		};
		F3EA78F821F61E30009A6453 /* Seek4TrackTests */ = {
			isa = PBXGroup;
			children = (
				F3EA78F921F61E30009A6453 /* Seek4TrackTests.swift */,
				F3EA78FB21F61E30009A6453 /* Info.plist */,
			);
			path = Seek4TrackTests;
			sourceTree = "<group>";
		};
		F3EA790421F63CE1009A6453 /* Common */ = {
			isa = PBXGroup;
			children = (
			);
			path = Common;
			sourceTree = "<group>";
		};
		F3EA790521F63D1B009A6453 /* Story */ = {
			isa = PBXGroup;
			children = (
				F3EA790921F64A17009A6453 /* Tracks */,
			);
			path = Story;
			sourceTree = "<group>";
		};
		F3EA790621F63D50009A6453 /* Misc */ = {
			isa = PBXGroup;
			children = (
				F3EA791421F65E5B009A6453 /* Generated */,
				F3EA78E421F61E2F009A6453 /* AppDelegate.swift */,
				F3EA78ED21F61E30009A6453 /* LaunchScreen.storyboard */,
			);
			path = Misc;
			sourceTree = "<group>";
		};
		F3EA790721F63E56009A6453 /* Config */ = {
			isa = PBXGroup;
			children = (
				F3EA78F021F61E30009A6453 /* Info.plist */,
			);
			path = Config;
			sourceTree = "<group>";
		};
		F3EA790821F64034009A6453 /* Resource */ = {
			isa = PBXGroup;
			children = (
				F3EA78EB21F61E30009A6453 /* Assets.xcassets */,
			);
			path = Resource;
			sourceTree = "<group>";
		};
		F3EA790921F64A17009A6453 /* Tracks */ = {
			isa = PBXGroup;
			children = (
				F3EA790A21F64A3A009A6453 /* SearchScene */,
				F3EA790C21F64AB4009A6453 /* Tracks.storyboard */,
			);
			path = Tracks;
			sourceTree = "<group>";
		};
		F3EA790A21F64A3A009A6453 /* SearchScene */ = {
			isa = PBXGroup;
			children = (
				F3EA791721F72B93009A6453 /* Model */,
				F3EA790E21F65A13009A6453 /* SearchTrackViewController.swift */,
				F3EA791121F65ABB009A6453 /* SearchTrackCell.swift */,
			);
			path = SearchScene;
			sourceTree = "<group>";
		};
		F3EA791421F65E5B009A6453 /* Generated */ = {
			isa = PBXGroup;
			children = (
				F3EA791521F65ED4009A6453 /* R.generated.swift */,
			);
			path = Generated;
			sourceTree = "<group>";
		};
		F3EA791721F72B93009A6453 /* Model */ = {
			isa = PBXGroup;
			children = (
				F3EA791821F72C78009A6453 /* SearchTrackItem.swift */,
			);
			path = Model;
			sourceTree = "<group>";
		};
/* End PBXGroup section */

/* Begin PBXNativeTarget section */
		F3EA78E021F61E2F009A6453 /* Seek4Track */ = {
			isa = PBXNativeTarget;
			buildConfigurationList = F3EA78FE21F61E30009A6453 /* Build configuration list for PBXNativeTarget "Seek4Track" */;
			buildPhases = (
				2316A71252DFC16DCD0AEC6A /* [CP] Check Pods Manifest.lock */,
				F3EA791321F65DF5009A6453 /* R.swift */,
				F3EA78DD21F61E2F009A6453 /* Sources */,
				F3EA78DE21F61E2F009A6453 /* Frameworks */,
				F3EA78DF21F61E2F009A6453 /* Resources */,
				04BD53BC38D57205D26C79FA /* [CP] Embed Pods Frameworks */,
			);
			buildRules = (
			);
			dependencies = (
			);
			name = Seek4Track;
			productName = Seek4Track;
			productReference = F3EA78E121F61E2F009A6453 /* Seek4Track.app */;
			productType = "com.apple.product-type.application";
		};
		F3EA78F421F61E30009A6453 /* Seek4TrackTests */ = {
			isa = PBXNativeTarget;
			buildConfigurationList = F3EA790121F61E30009A6453 /* Build configuration list for PBXNativeTarget "Seek4TrackTests" */;
			buildPhases = (
				35740513FA5DD64E547892E1 /* [CP] Check Pods Manifest.lock */,
				F3EA78F121F61E30009A6453 /* Sources */,
				F3EA78F221F61E30009A6453 /* Frameworks */,
				F3EA78F321F61E30009A6453 /* Resources */,
			);
			buildRules = (
			);
			dependencies = (
				F3EA78F721F61E30009A6453 /* PBXTargetDependency */,
			);
			name = Seek4TrackTests;
			productName = Seek4TrackTests;
			productReference = F3EA78F521F61E30009A6453 /* Seek4TrackTests.xctest */;
			productType = "com.apple.product-type.bundle.unit-test";
		};
/* End PBXNativeTarget section */

/* Begin PBXProject section */
		F3EA78D921F61E2E009A6453 /* Project object */ = {
			isa = PBXProject;
			attributes = {
				LastSwiftUpdateCheck = 1010;
				LastUpgradeCheck = 1010;
				ORGANIZATIONNAME = lyzkov;
				TargetAttributes = {
					F3EA78E021F61E2F009A6453 = {
						CreatedOnToolsVersion = 10.1;
					};
					F3EA78F421F61E30009A6453 = {
						CreatedOnToolsVersion = 10.1;
						TestTargetID = F3EA78E021F61E2F009A6453;
					};
				};
			};
			buildConfigurationList = F3EA78DC21F61E2E009A6453 /* Build configuration list for PBXProject "Seek4Track" */;
			compatibilityVersion = "Xcode 9.3";
			developmentRegion = en;
			hasScannedForEncodings = 0;
			knownRegions = (
				en,
				Base,
			);
			mainGroup = F3EA78D821F61E2E009A6453;
			productRefGroup = F3EA78E221F61E2F009A6453 /* Products */;
			projectDirPath = "";
			projectRoot = "";
			targets = (
				F3EA78E021F61E2F009A6453 /* Seek4Track */,
				F3EA78F421F61E30009A6453 /* Seek4TrackTests */,
			);
		};
/* End PBXProject section */

/* Begin PBXResourcesBuildPhase section */
		F3EA78DF21F61E2F009A6453 /* Resources */ = {
			isa = PBXResourcesBuildPhase;
			buildActionMask = 2147483647;
			files = (
				F3EA790D21F64AB4009A6453 /* Tracks.storyboard in Resources */,
				F3EA78EF21F61E30009A6453 /* LaunchScreen.storyboard in Resources */,
				F3EA78EC21F61E30009A6453 /* Assets.xcassets in Resources */,
			);
			runOnlyForDeploymentPostprocessing = 0;
		};
		F3EA78F321F61E30009A6453 /* Resources */ = {
			isa = PBXResourcesBuildPhase;
			buildActionMask = 2147483647;
			files = (
			);
			runOnlyForDeploymentPostprocessing = 0;
		};
/* End PBXResourcesBuildPhase section */

/* Begin PBXShellScriptBuildPhase section */
		04BD53BC38D57205D26C79FA /* [CP] Embed Pods Frameworks */ = {
			isa = PBXShellScriptBuildPhase;
			buildActionMask = 2147483647;
			files = (
			);
			inputFileListPaths = (
			);
			inputPaths = (
				"${PODS_ROOT}/Target Support Files/Pods-Seek4Track/Pods-Seek4Track-frameworks.sh",
				"${BUILT_PRODUCTS_DIR}/R.swift.Library/Rswift.framework",
				"${BUILT_PRODUCTS_DIR}/RxAtomic/RxAtomic.framework",
				"${BUILT_PRODUCTS_DIR}/RxCocoa/RxCocoa.framework",
				"${BUILT_PRODUCTS_DIR}/RxSwift/RxSwift.framework",
			);
			name = "[CP] Embed Pods Frameworks";
			outputFileListPaths = (
			);
			outputPaths = (
				"${TARGET_BUILD_DIR}/${FRAMEWORKS_FOLDER_PATH}/Rswift.framework",
				"${TARGET_BUILD_DIR}/${FRAMEWORKS_FOLDER_PATH}/RxAtomic.framework",
				"${TARGET_BUILD_DIR}/${FRAMEWORKS_FOLDER_PATH}/RxCocoa.framework",
				"${TARGET_BUILD_DIR}/${FRAMEWORKS_FOLDER_PATH}/RxSwift.framework",
			);
			runOnlyForDeploymentPostprocessing = 0;
			shellPath = /bin/sh;
			shellScript = "\"${PODS_ROOT}/Target Support Files/Pods-Seek4Track/Pods-Seek4Track-frameworks.sh\"\n";
			showEnvVarsInLog = 0;
		};
		2316A71252DFC16DCD0AEC6A /* [CP] Check Pods Manifest.lock */ = {
			isa = PBXShellScriptBuildPhase;
			buildActionMask = 2147483647;
			files = (
			);
			inputFileListPaths = (
			);
			inputPaths = (
				"${PODS_PODFILE_DIR_PATH}/Podfile.lock",
				"${PODS_ROOT}/Manifest.lock",
			);
			name = "[CP] Check Pods Manifest.lock";
			outputFileListPaths = (
			);
			outputPaths = (
				"$(DERIVED_FILE_DIR)/Pods-Seek4Track-checkManifestLockResult.txt",
			);
			runOnlyForDeploymentPostprocessing = 0;
			shellPath = /bin/sh;
			shellScript = "diff \"${PODS_PODFILE_DIR_PATH}/Podfile.lock\" \"${PODS_ROOT}/Manifest.lock\" > /dev/null\nif [ $? != 0 ] ; then\n    # print error to STDERR\n    echo \"error: The sandbox is not in sync with the Podfile.lock. Run 'pod install' or update your CocoaPods installation.\" >&2\n    exit 1\nfi\n# This output is used by Xcode 'outputs' to avoid re-running this script phase.\necho \"SUCCESS\" > \"${SCRIPT_OUTPUT_FILE_0}\"\n";
			showEnvVarsInLog = 0;
		};
		35740513FA5DD64E547892E1 /* [CP] Check Pods Manifest.lock */ = {
			isa = PBXShellScriptBuildPhase;
			buildActionMask = 2147483647;
			files = (
			);
			inputFileListPaths = (
			);
			inputPaths = (
				"${PODS_PODFILE_DIR_PATH}/Podfile.lock",
				"${PODS_ROOT}/Manifest.lock",
			);
			name = "[CP] Check Pods Manifest.lock";
			outputFileListPaths = (
			);
			outputPaths = (
				"$(DERIVED_FILE_DIR)/Pods-Seek4TrackTests-checkManifestLockResult.txt",
			);
			runOnlyForDeploymentPostprocessing = 0;
			shellPath = /bin/sh;
			shellScript = "diff \"${PODS_PODFILE_DIR_PATH}/Podfile.lock\" \"${PODS_ROOT}/Manifest.lock\" > /dev/null\nif [ $? != 0 ] ; then\n    # print error to STDERR\n    echo \"error: The sandbox is not in sync with the Podfile.lock. Run 'pod install' or update your CocoaPods installation.\" >&2\n    exit 1\nfi\n# This output is used by Xcode 'outputs' to avoid re-running this script phase.\necho \"SUCCESS\" > \"${SCRIPT_OUTPUT_FILE_0}\"\n";
			showEnvVarsInLog = 0;
		};
		F3EA791321F65DF5009A6453 /* R.swift */ = {
			isa = PBXShellScriptBuildPhase;
			buildActionMask = 2147483647;
			files = (
			);
			inputFileListPaths = (
			);
			inputPaths = (
				"$TEMP_DIR/rswift-lastrun",
			);
			name = R.swift;
			outputFileListPaths = (
			);
			outputPaths = (
				$SRCROOT/Seek4Track/Misc/Generated/R.generated.swift,
			);
			runOnlyForDeploymentPostprocessing = 0;
			shellPath = /bin/sh;
			shellScript = "\"$PODS_ROOT/R.swift/rswift\" generate \"$SRCROOT/Seek4Track/Misc/Generated/R.generated.swift\"\n";
		};
/* End PBXShellScriptBuildPhase section */

/* Begin PBXSourcesBuildPhase section */
		F3EA78DD21F61E2F009A6453 /* Sources */ = {
			isa = PBXSourcesBuildPhase;
			buildActionMask = 2147483647;
			files = (
				F3EA791921F72C78009A6453 /* SearchTrackItem.swift in Sources */,
				F3EA790F21F65A13009A6453 /* SearchTrackViewController.swift in Sources */,
				F3EA791621F65ED4009A6453 /* R.generated.swift in Sources */,
				F3EA78E521F61E2F009A6453 /* AppDelegate.swift in Sources */,
				F3EA791221F65ABB009A6453 /* SearchTrackCell.swift in Sources */,
			);
			runOnlyForDeploymentPostprocessing = 0;
		};
		F3EA78F121F61E30009A6453 /* Sources */ = {
			isa = PBXSourcesBuildPhase;
			buildActionMask = 2147483647;
			files = (
				F3EA78FA21F61E30009A6453 /* Seek4TrackTests.swift in Sources */,
			);
			runOnlyForDeploymentPostprocessing = 0;
		};
/* End PBXSourcesBuildPhase section */

/* Begin PBXTargetDependency section */
		F3EA78F721F61E30009A6453 /* PBXTargetDependency */ = {
			isa = PBXTargetDependency;
			target = F3EA78E021F61E2F009A6453 /* Seek4Track */;
			targetProxy = F3EA78F621F61E30009A6453 /* PBXContainerItemProxy */;
		};
/* End PBXTargetDependency section */

/* Begin PBXVariantGroup section */
		F3EA78ED21F61E30009A6453 /* LaunchScreen.storyboard */ = {
			isa = PBXVariantGroup;
			children = (
				F3EA78EE21F61E30009A6453 /* Base */,
			);
			name = LaunchScreen.storyboard;
			sourceTree = "<group>";
		};
/* End PBXVariantGroup section */

/* Begin XCBuildConfiguration section */
		F3EA78FC21F61E30009A6453 /* Debug */ = {
			isa = XCBuildConfiguration;
			buildSettings = {
				ALWAYS_SEARCH_USER_PATHS = NO;
				CLANG_ANALYZER_NONNULL = YES;
				CLANG_ANALYZER_NUMBER_OBJECT_CONVERSION = YES_AGGRESSIVE;
				CLANG_CXX_LANGUAGE_STANDARD = "gnu++14";
				CLANG_CXX_LIBRARY = "libc++";
				CLANG_ENABLE_MODULES = YES;
				CLANG_ENABLE_OBJC_ARC = YES;
				CLANG_ENABLE_OBJC_WEAK = YES;
				CLANG_WARN_BLOCK_CAPTURE_AUTORELEASING = YES;
				CLANG_WARN_BOOL_CONVERSION = YES;
				CLANG_WARN_COMMA = YES;
				CLANG_WARN_CONSTANT_CONVERSION = YES;
				CLANG_WARN_DEPRECATED_OBJC_IMPLEMENTATIONS = YES;
				CLANG_WARN_DIRECT_OBJC_ISA_USAGE = YES_ERROR;
				CLANG_WARN_DOCUMENTATION_COMMENTS = YES;
				CLANG_WARN_EMPTY_BODY = YES;
				CLANG_WARN_ENUM_CONVERSION = YES;
				CLANG_WARN_INFINITE_RECURSION = YES;
				CLANG_WARN_INT_CONVERSION = YES;
				CLANG_WARN_NON_LITERAL_NULL_CONVERSION = YES;
				CLANG_WARN_OBJC_IMPLICIT_RETAIN_SELF = YES;
				CLANG_WARN_OBJC_LITERAL_CONVERSION = YES;
				CLANG_WARN_OBJC_ROOT_CLASS = YES_ERROR;
				CLANG_WARN_RANGE_LOOP_ANALYSIS = YES;
				CLANG_WARN_STRICT_PROTOTYPES = YES;
				CLANG_WARN_SUSPICIOUS_MOVE = YES;
				CLANG_WARN_UNGUARDED_AVAILABILITY = YES_AGGRESSIVE;
				CLANG_WARN_UNREACHABLE_CODE = YES;
				CLANG_WARN__DUPLICATE_METHOD_MATCH = YES;
				CODE_SIGN_IDENTITY = "iPhone Developer";
				COPY_PHASE_STRIP = NO;
				DEBUG_INFORMATION_FORMAT = dwarf;
				ENABLE_STRICT_OBJC_MSGSEND = YES;
				ENABLE_TESTABILITY = YES;
				GCC_C_LANGUAGE_STANDARD = gnu11;
				GCC_DYNAMIC_NO_PIC = NO;
				GCC_NO_COMMON_BLOCKS = YES;
				GCC_OPTIMIZATION_LEVEL = 0;
				GCC_PREPROCESSOR_DEFINITIONS = (
					"DEBUG=1",
					"$(inherited)",
				);
				GCC_WARN_64_TO_32_BIT_CONVERSION = YES;
				GCC_WARN_ABOUT_RETURN_TYPE = YES_ERROR;
				GCC_WARN_UNDECLARED_SELECTOR = YES;
				GCC_WARN_UNINITIALIZED_AUTOS = YES_AGGRESSIVE;
				GCC_WARN_UNUSED_FUNCTION = YES;
				GCC_WARN_UNUSED_VARIABLE = YES;
				IPHONEOS_DEPLOYMENT_TARGET = 12.1;
				MTL_ENABLE_DEBUG_INFO = INCLUDE_SOURCE;
				MTL_FAST_MATH = YES;
				ONLY_ACTIVE_ARCH = YES;
				SDKROOT = iphoneos;
				SWIFT_ACTIVE_COMPILATION_CONDITIONS = DEBUG;
				SWIFT_OPTIMIZATION_LEVEL = "-Onone";
			};
			name = Debug;
		};
		F3EA78FD21F61E30009A6453 /* Release */ = {
			isa = XCBuildConfiguration;
			buildSettings = {
				ALWAYS_SEARCH_USER_PATHS = NO;
				CLANG_ANALYZER_NONNULL = YES;
				CLANG_ANALYZER_NUMBER_OBJECT_CONVERSION = YES_AGGRESSIVE;
				CLANG_CXX_LANGUAGE_STANDARD = "gnu++14";
				CLANG_CXX_LIBRARY = "libc++";
				CLANG_ENABLE_MODULES = YES;
				CLANG_ENABLE_OBJC_ARC = YES;
				CLANG_ENABLE_OBJC_WEAK = YES;
				CLANG_WARN_BLOCK_CAPTURE_AUTORELEASING = YES;
				CLANG_WARN_BOOL_CONVERSION = YES;
				CLANG_WARN_COMMA = YES;
				CLANG_WARN_CONSTANT_CONVERSION = YES;
				CLANG_WARN_DEPRECATED_OBJC_IMPLEMENTATIONS = YES;
				CLANG_WARN_DIRECT_OBJC_ISA_USAGE = YES_ERROR;
				CLANG_WARN_DOCUMENTATION_COMMENTS = YES;
				CLANG_WARN_EMPTY_BODY = YES;
				CLANG_WARN_ENUM_CONVERSION = YES;
				CLANG_WARN_INFINITE_RECURSION = YES;
				CLANG_WARN_INT_CONVERSION = YES;
				CLANG_WARN_NON_LITERAL_NULL_CONVERSION = YES;
				CLANG_WARN_OBJC_IMPLICIT_RETAIN_SELF = YES;
				CLANG_WARN_OBJC_LITERAL_CONVERSION = YES;
				CLANG_WARN_OBJC_ROOT_CLASS = YES_ERROR;
				CLANG_WARN_RANGE_LOOP_ANALYSIS = YES;
				CLANG_WARN_STRICT_PROTOTYPES = YES;
				CLANG_WARN_SUSPICIOUS_MOVE = YES;
				CLANG_WARN_UNGUARDED_AVAILABILITY = YES_AGGRESSIVE;
				CLANG_WARN_UNREACHABLE_CODE = YES;
				CLANG_WARN__DUPLICATE_METHOD_MATCH = YES;
				CODE_SIGN_IDENTITY = "iPhone Developer";
				COPY_PHASE_STRIP = NO;
				DEBUG_INFORMATION_FORMAT = "dwarf-with-dsym";
				ENABLE_NS_ASSERTIONS = NO;
				ENABLE_STRICT_OBJC_MSGSEND = YES;
				GCC_C_LANGUAGE_STANDARD = gnu11;
				GCC_NO_COMMON_BLOCKS = YES;
				GCC_WARN_64_TO_32_BIT_CONVERSION = YES;
				GCC_WARN_ABOUT_RETURN_TYPE = YES_ERROR;
				GCC_WARN_UNDECLARED_SELECTOR = YES;
				GCC_WARN_UNINITIALIZED_AUTOS = YES_AGGRESSIVE;
				GCC_WARN_UNUSED_FUNCTION = YES;
				GCC_WARN_UNUSED_VARIABLE = YES;
				IPHONEOS_DEPLOYMENT_TARGET = 12.1;
				MTL_ENABLE_DEBUG_INFO = NO;
				MTL_FAST_MATH = YES;
				SDKROOT = iphoneos;
				SWIFT_COMPILATION_MODE = wholemodule;
				SWIFT_OPTIMIZATION_LEVEL = "-O";
				VALIDATE_PRODUCT = YES;
			};
			name = Release;
		};
		F3EA78FF21F61E30009A6453 /* Debug */ = {
			isa = XCBuildConfiguration;
			baseConfigurationReference = D535F1A53740C4B6A5CA31B3 /* Pods-Seek4Track.debug.xcconfig */;
			buildSettings = {
				ASSETCATALOG_COMPILER_APPICON_NAME = AppIcon;
				CODE_SIGN_STYLE = Automatic;
				DEVELOPMENT_TEAM = WPZC96H3B4;
				INFOPLIST_FILE = Seek4Track/Config/Info.plist;
				LD_RUNPATH_SEARCH_PATHS = (
					"$(inherited)",
					"@executable_path/Frameworks",
				);
				PRODUCT_BUNDLE_IDENTIFIER = com.lyzkov.Seek4Track;
				PRODUCT_NAME = "$(TARGET_NAME)";
				SWIFT_VERSION = 4.2;
				TARGETED_DEVICE_FAMILY = 1;
			};
			name = Debug;
		};
		F3EA790021F61E30009A6453 /* Release */ = {
			isa = XCBuildConfiguration;
			baseConfigurationReference = 9AEB3A7D3CEE8B411D89F32A /* Pods-Seek4Track.release.xcconfig */;
			buildSettings = {
				ASSETCATALOG_COMPILER_APPICON_NAME = AppIcon;
				CODE_SIGN_STYLE = Automatic;
				DEVELOPMENT_TEAM = WPZC96H3B4;
				INFOPLIST_FILE = Seek4Track/Config/Info.plist;
				LD_RUNPATH_SEARCH_PATHS = (
					"$(inherited)",
					"@executable_path/Frameworks",
				);
				PRODUCT_BUNDLE_IDENTIFIER = com.lyzkov.Seek4Track;
				PRODUCT_NAME = "$(TARGET_NAME)";
				SWIFT_VERSION = 4.2;
				TARGETED_DEVICE_FAMILY = 1;
			};
			name = Release;
		};
		F3EA790221F61E30009A6453 /* Debug */ = {
			isa = XCBuildConfiguration;
			baseConfigurationReference = DA3626FECFE23834338B8DB1 /* Pods-Seek4TrackTests.debug.xcconfig */;
			buildSettings = {
				ALWAYS_EMBED_SWIFT_STANDARD_LIBRARIES = YES;
				BUNDLE_LOADER = "$(TEST_HOST)";
				CODE_SIGN_STYLE = Automatic;
				DEVELOPMENT_TEAM = WPZC96H3B4;
				INFOPLIST_FILE = Seek4TrackTests/Info.plist;
				LD_RUNPATH_SEARCH_PATHS = (
					"$(inherited)",
					"@executable_path/Frameworks",
					"@loader_path/Frameworks",
				);
				PRODUCT_BUNDLE_IDENTIFIER = com.lyzkov.Seek4TrackTests;
				PRODUCT_NAME = "$(TARGET_NAME)";
				SWIFT_VERSION = 4.2;
				TARGETED_DEVICE_FAMILY = "1,2";
				TEST_HOST = "$(BUILT_PRODUCTS_DIR)/Seek4Track.app/Seek4Track";
			};
			name = Debug;
		};
		F3EA790321F61E30009A6453 /* Release */ = {
			isa = XCBuildConfiguration;
			baseConfigurationReference = 8285F14BE131CFC9B2740B0B /* Pods-Seek4TrackTests.release.xcconfig */;
			buildSettings = {
				ALWAYS_EMBED_SWIFT_STANDARD_LIBRARIES = YES;
				BUNDLE_LOADER = "$(TEST_HOST)";
				CODE_SIGN_STYLE = Automatic;
				DEVELOPMENT_TEAM = WPZC96H3B4;
				INFOPLIST_FILE = Seek4TrackTests/Info.plist;
				LD_RUNPATH_SEARCH_PATHS = (
					"$(inherited)",
					"@executable_path/Frameworks",
					"@loader_path/Frameworks",
				);
				PRODUCT_BUNDLE_IDENTIFIER = com.lyzkov.Seek4TrackTests;
				PRODUCT_NAME = "$(TARGET_NAME)";
				SWIFT_VERSION = 4.2;
				TARGETED_DEVICE_FAMILY = "1,2";
				TEST_HOST = "$(BUILT_PRODUCTS_DIR)/Seek4Track.app/Seek4Track";
			};
			name = Release;
		};
/* End XCBuildConfiguration section */

/* Begin XCConfigurationList section */
		F3EA78DC21F61E2E009A6453 /* Build configuration list for PBXProject "Seek4Track" */ = {
			isa = XCConfigurationList;
			buildConfigurations = (
				F3EA78FC21F61E30009A6453 /* Debug */,
				F3EA78FD21F61E30009A6453 /* Release */,
			);
			defaultConfigurationIsVisible = 0;
			defaultConfigurationName = Release;
		};
		F3EA78FE21F61E30009A6453 /* Build configuration list for PBXNativeTarget "Seek4Track" */ = {
			isa = XCConfigurationList;
			buildConfigurations = (
				F3EA78FF21F61E30009A6453 /* Debug */,
				F3EA790021F61E30009A6453 /* Release */,
			);
			defaultConfigurationIsVisible = 0;
			defaultConfigurationName = Release;
		};
		F3EA790121F61E30009A6453 /* Build configuration list for PBXNativeTarget "Seek4TrackTests" */ = {
			isa = XCConfigurationList;
			buildConfigurations = (
				F3EA790221F61E30009A6453 /* Debug */,
				F3EA790321F61E30009A6453 /* Release */,
			);
			defaultConfigurationIsVisible = 0;
			defaultConfigurationName = Release;
		};
/* End XCConfigurationList section */
	};
	rootObject = F3EA78D921F61E2E009A6453 /* Project object */;
}
