PODS:
  - Action (3.11.0):
    - RxCocoa (~> 4.0)
    - RxSwift (~> 4.0)
  - Alamofire (4.8.2)
  - R.swift (5.0.3):
    - R.swift.Library (~> 5.0.0)
  - R.swift.Library (5.0.1)
  - RxAlamofire (4.4.1):
    - RxAlamofire/Core (= 4.4.1)
  - RxAlamofire/Core (4.4.1):
    - Alamofire (~> 4.8)
    - RxSwift (~> 4.5)
  - RxCocoa (4.5.0):
    - RxSwift (>= 4.4.2, ~> 4.4)
  - RxFeedback (2.0.0):
    - RxCocoa (~> 4.4)
    - RxSwift (~> 4.4)
  - RxSwift (4.5.0)

DEPENDENCIES:
  - Action
  - Alamofire
  - R.swift
  - RxAlamofire
  - RxCocoa
  - RxFeedback
  - RxSwift

SPEC REPOS:
  https://github.com/cocoapods/specs.git:
    - Action
    - Alamofire
    - R.swift
    - R.swift.Library
    - RxAlamofire
    - RxCocoa
    - RxFeedback
    - RxSwift

SPEC CHECKSUMS:
  Action: 689181e4c3f6566844178d8a7da6fef39a9597fc
  Alamofire: ae5c501addb7afdbb13687d7f2f722c78734c2d3
  R.swift: f5a87643b91ea569d23d6afb3eee9c743edde239
  R.swift.Library: cfe85d569d9bae6cb262922db130e7c3a7a5fad1
  RxAlamofire: ed65f451f5a9a59419b0b9e705043dc01410edd9
  RxCocoa: cbf70265dc65a981d4ac982e513c10cf23df24a0
  RxFeedback: 49bb931caf6d05e315d5b5366c0991ad1474ea36
  RxSwift: f172070dfd1a93d70a9ab97a5a01166206e1c575

PODFILE CHECKSUM: e538939e88c54587253659f092b3421aa50b4814

COCOAPODS: 1.6.0
