PODS:
  - Action (3.9.1):
    - RxCocoa (~> 4.3)
    - RxSwift (~> 4.3)
  - R.swift (5.0.0):
    - R.swift.Library (~> 5.0.0)
  - R.swift.Library (5.0.0)
  - RxAtomic (4.4.0)
  - RxCocoa (4.4.0):
    - RxSwift (~> 4.0)
  - RxFeedback (1.1.1):
    - RxCocoa (~> 4.0)
    - RxSwift (~> 4.0)
  - RxSwift (4.4.0):
    - RxAtomic (~> 4.4)

DEPENDENCIES:
  - Action
  - R.swift
  - RxCocoa
  - RxFeedback
  - RxSwift

SPEC REPOS:
  https://github.com/cocoapods/specs.git:
    - Action
    - R.swift
    - R.swift.Library
    - RxAtomic
    - RxCocoa
    - RxFeedback
    - RxSwift

SPEC CHECKSUMS:
  Action: 2f461c203c480b17aa99b3bb166e4329ecff6908
  R.swift: f88c7d7d48a2be4dffa132dde1b3d389620310eb
  R.swift.Library: 0bf390e729bc10bb2c9e4fb78bd043164a7be4ff
  RxAtomic: eacf60db868c96bfd63320e28619fe29c179656f
  RxCocoa: df63ebf7b9a70d6b4eeea407ed5dd4efc8979749
  RxFeedback: 640e317bc7f6c4914c39a2063c6d5c0e6c1aa65d
  RxSwift: 5976ecd04fc2fefd648827c23de5e11157faa973

PODFILE CHECKSUM: d024a6a5d6fc4e0f0ea3a93df0ddec9d3370fab7

COCOAPODS: 1.6.0.beta.2
